// !$*UTF8*$!
{
	archiveVersion = 1;
	classes = {
	};
	objectVersion = 55;
	objects = {

/* Begin PBXBuildFile section */
		6D0391C82807756000F39903 /* MoyaTarget.swift in Sources */ = {isa = PBXBuildFile; fileRef = 6D0391C72807756000F39903 /* MoyaTarget.swift */; };
		6D0391CA2807756C00F39903 /* MoyaAdapter.swift in Sources */ = {isa = PBXBuildFile; fileRef = 6D0391C92807756C00F39903 /* MoyaAdapter.swift */; };
		6D0391CE2807764D00F39903 /* RoversModel.swift in Sources */ = {isa = PBXBuildFile; fileRef = 6D0391CD2807764D00F39903 /* RoversModel.swift */; };
		6D0391D628077C0400F39903 /* AppCoordinator.swift in Sources */ = {isa = PBXBuildFile; fileRef = 6D0391D528077C0400F39903 /* AppCoordinator.swift */; };
		6D0391D828077DC400F39903 /* AppViewController.swift in Sources */ = {isa = PBXBuildFile; fileRef = 6D0391D728077DC400F39903 /* AppViewController.swift */; };
		6D0391DA28077E3B00F39903 /* LoginViewController.swift in Sources */ = {isa = PBXBuildFile; fileRef = 6D0391D928077E3B00F39903 /* LoginViewController.swift */; };
		6D0391DC28077E7700F39903 /* StoryboardInitializable.swift in Sources */ = {isa = PBXBuildFile; fileRef = 6D0391DB28077E7700F39903 /* StoryboardInitializable.swift */; };
		6D0391DF28077F3B00F39903 /* UIApplication+Extension.swift in Sources */ = {isa = PBXBuildFile; fileRef = 6D0391DE28077F3B00F39903 /* UIApplication+Extension.swift */; };
		6D0391E22807810500F39903 /* Login.storyboard in Resources */ = {isa = PBXBuildFile; fileRef = 6D0391E12807810500F39903 /* Login.storyboard */; };
		6D0391E5280781EF00F39903 /* MarsRoverPhotos.storyboard in Resources */ = {isa = PBXBuildFile; fileRef = 6D0391E4280781EF00F39903 /* MarsRoverPhotos.storyboard */; };
		6D4C68DA280A2C3B00B618F2 /* MenuLogoView.swift in Sources */ = {isa = PBXBuildFile; fileRef = 6D4C68D9280A2C3B00B618F2 /* MenuLogoView.swift */; };
		6D4C68DC280A3E0300B618F2 /* UIView+Extension.swift in Sources */ = {isa = PBXBuildFile; fileRef = 6D4C68DB280A3E0300B618F2 /* UIView+Extension.swift */; };
		6D4C68E0280A40CB00B618F2 /* CreatedBy.swift in Sources */ = {isa = PBXBuildFile; fileRef = 6D4C68DF280A40CB00B618F2 /* CreatedBy.swift */; };
		6D5528062814A74700F67AF6 /* String+Extension.swift in Sources */ = {isa = PBXBuildFile; fileRef = 6D5528052814A74700F67AF6 /* String+Extension.swift */; };
		6D5528082814A79400F67AF6 /* LocalizationUtils.swift in Sources */ = {isa = PBXBuildFile; fileRef = 6D5528072814A79400F67AF6 /* LocalizationUtils.swift */; };
		6D55280A2814A7B100F67AF6 /* Localizable.swift in Sources */ = {isa = PBXBuildFile; fileRef = 6D5528092814A7B100F67AF6 /* Localizable.swift */; };
		6D55280D2814A82600F67AF6 /* MarsRoverPhotosEnum.swift in Sources */ = {isa = PBXBuildFile; fileRef = 6D55280C2814A82600F67AF6 /* MarsRoverPhotosEnum.swift */; };
		6D5528102814A89E00F67AF6 /* MarsRoverPhotos.strings in Resources */ = {isa = PBXBuildFile; fileRef = 6D5528122814A89E00F67AF6 /* MarsRoverPhotos.strings */; };
		6D5528162814AC4600F67AF6 /* String+Extensions.swift in Sources */ = {isa = PBXBuildFile; fileRef = 6D5528152814AC4600F67AF6 /* String+Extensions.swift */; };
		6D5528182814B32300F67AF6 /* MenuItemsEnum.swift in Sources */ = {isa = PBXBuildFile; fileRef = 6D5528172814B32300F67AF6 /* MenuItemsEnum.swift */; };
		6D55281B2814B3AF00F67AF6 /* MenuItems.strings in Resources */ = {isa = PBXBuildFile; fileRef = 6D55281D2814B3AF00F67AF6 /* MenuItems.strings */; };
		6D6047762808BB0100395354 /* LeftSideMenu.storyboard in Resources */ = {isa = PBXBuildFile; fileRef = 6D6047752808BB0100395354 /* LeftSideMenu.storyboard */; };
		6D6047792808BC1B00395354 /* SideMenuViewController.swift in Sources */ = {isa = PBXBuildFile; fileRef = 6D6047782808BC1B00395354 /* SideMenuViewController.swift */; };
		6D60477B2808BDCB00395354 /* MenuViewController.swift in Sources */ = {isa = PBXBuildFile; fileRef = 6D60477A2808BDCB00395354 /* MenuViewController.swift */; };
		6D60477E2808BF0100395354 /* BaseViewController.swift in Sources */ = {isa = PBXBuildFile; fileRef = 6D60477D2808BF0100395354 /* BaseViewController.swift */; };
		6D6047802808C00400395354 /* Notification.swift in Sources */ = {isa = PBXBuildFile; fileRef = 6D60477F2808C00400395354 /* Notification.swift */; };
		6D6296F52809E17C0093EB3A /* MenuViewPresentationController.swift in Sources */ = {isa = PBXBuildFile; fileRef = 6D6296F42809E17C0093EB3A /* MenuViewPresentationController.swift */; };
		6D6296F7280A0E360093EB3A /* Menus.swift in Sources */ = {isa = PBXBuildFile; fileRef = 6D6296F6280A0E360093EB3A /* Menus.swift */; };
		6D6296FB280A116D0093EB3A /* MenuTableViewCell.swift in Sources */ = {isa = PBXBuildFile; fileRef = 6D6296F9280A116D0093EB3A /* MenuTableViewCell.swift */; };
		6D6296FC280A116D0093EB3A /* MenuTableViewCell.xib in Resources */ = {isa = PBXBuildFile; fileRef = 6D6296FA280A116D0093EB3A /* MenuTableViewCell.xib */; };
		6D6296FF280A19C70093EB3A /* AppFont.swift in Sources */ = {isa = PBXBuildFile; fileRef = 6D6296FE280A19C70093EB3A /* AppFont.swift */; };
		6D71A2C9280CA82600442169 /* MarsRoverPhotosViewController.swift in Sources */ = {isa = PBXBuildFile; fileRef = 6D71A2C8280CA82600442169 /* MarsRoverPhotosViewController.swift */; };
		6D91F86E284AADE800697A53 /* UserDefaults.swift in Sources */ = {isa = PBXBuildFile; fileRef = 6D91F86D284AADE800697A53 /* UserDefaults.swift */; };
		6D91F872284AB16C00697A53 /* UserPromptPresentationController.swift in Sources */ = {isa = PBXBuildFile; fileRef = 6D91F871284AB16C00697A53 /* UserPromptPresentationController.swift */; };
		6D91F875284AB1C100697A53 /* UserPromptParentViewController.swift in Sources */ = {isa = PBXBuildFile; fileRef = 6D91F873284AB1C100697A53 /* UserPromptParentViewController.swift */; };
		6D91F876284AB1C100697A53 /* UserPromptParentViewController.xib in Resources */ = {isa = PBXBuildFile; fileRef = 6D91F874284AB1C100697A53 /* UserPromptParentViewController.xib */; };
		6D91F878284ABA2A00697A53 /* UIViewController+Extensions.swift in Sources */ = {isa = PBXBuildFile; fileRef = 6D91F877284ABA2A00697A53 /* UIViewController+Extensions.swift */; };
		6DB7FCCE2808D83400A7A220 /* CommonPresentationController.swift in Sources */ = {isa = PBXBuildFile; fileRef = 6DB7FCC92808D83400A7A220 /* CommonPresentationController.swift */; };
		6DB7FCCF2808D83400A7A220 /* SlideInTransition.swift in Sources */ = {isa = PBXBuildFile; fileRef = 6DB7FCCB2808D83400A7A220 /* SlideInTransition.swift */; };
		6DB7FCD02808D83400A7A220 /* TransitionProperties.swift in Sources */ = {isa = PBXBuildFile; fileRef = 6DB7FCCC2808D83400A7A220 /* TransitionProperties.swift */; };
		6DB7FCD12808D83400A7A220 /* CommonBasedOnPresentationViewController.swift in Sources */ = {isa = PBXBuildFile; fileRef = 6DB7FCCD2808D83400A7A220 /* CommonBasedOnPresentationViewController.swift */; };
		8AA4C7FB2789C53800C55576 /* AppDelegate.swift in Sources */ = {isa = PBXBuildFile; fileRef = 8AA4C7FA2789C53800C55576 /* AppDelegate.swift */; };
		8AA4C8042789C53900C55576 /* Assets.xcassets in Resources */ = {isa = PBXBuildFile; fileRef = 8AA4C8032789C53900C55576 /* Assets.xcassets */; };
		8AA4C8072789C53900C55576 /* LaunchScreen.storyboard in Resources */ = {isa = PBXBuildFile; fileRef = 8AA4C8052789C53900C55576 /* LaunchScreen.storyboard */; };
		8AA4C8122789CBD900C55576 /* NasaTableViewCell.swift in Sources */ = {isa = PBXBuildFile; fileRef = 8AA4C8102789CBD900C55576 /* NasaTableViewCell.swift */; };
		8AA4C8132789CBD900C55576 /* NasaTableViewCell.xib in Resources */ = {isa = PBXBuildFile; fileRef = 8AA4C8112789CBD900C55576 /* NasaTableViewCell.xib */; };
		E792421641D19C6A89B4A6B3 /* Pods_NasaApp.framework in Frameworks */ = {isa = PBXBuildFile; fileRef = 8D7386B69BF4684479A76718 /* Pods_NasaApp.framework */; };
/* End PBXBuildFile section */

/* Begin PBXFileReference section */
		095703C7F6C113FCFEB3A75A /* Pods-NasaApp.release.xcconfig */ = {isa = PBXFileReference; includeInIndex = 1; lastKnownFileType = text.xcconfig; name = "Pods-NasaApp.release.xcconfig"; path = "Target Support Files/Pods-NasaApp/Pods-NasaApp.release.xcconfig"; sourceTree = "<group>"; };
		6D0391C72807756000F39903 /* MoyaTarget.swift */ = {isa = PBXFileReference; lastKnownFileType = sourcecode.swift; path = MoyaTarget.swift; sourceTree = "<group>"; };
		6D0391C92807756C00F39903 /* MoyaAdapter.swift */ = {isa = PBXFileReference; lastKnownFileType = sourcecode.swift; path = MoyaAdapter.swift; sourceTree = "<group>"; };
		6D0391CD2807764D00F39903 /* RoversModel.swift */ = {isa = PBXFileReference; lastKnownFileType = sourcecode.swift; path = RoversModel.swift; sourceTree = "<group>"; };
		6D0391D528077C0400F39903 /* AppCoordinator.swift */ = {isa = PBXFileReference; lastKnownFileType = sourcecode.swift; path = AppCoordinator.swift; sourceTree = "<group>"; };
		6D0391D728077DC400F39903 /* AppViewController.swift */ = {isa = PBXFileReference; lastKnownFileType = sourcecode.swift; path = AppViewController.swift; sourceTree = "<group>"; };
		6D0391D928077E3B00F39903 /* LoginViewController.swift */ = {isa = PBXFileReference; lastKnownFileType = sourcecode.swift; path = LoginViewController.swift; sourceTree = "<group>"; };
		6D0391DB28077E7700F39903 /* StoryboardInitializable.swift */ = {isa = PBXFileReference; lastKnownFileType = sourcecode.swift; path = StoryboardInitializable.swift; sourceTree = "<group>"; };
		6D0391DE28077F3B00F39903 /* UIApplication+Extension.swift */ = {isa = PBXFileReference; lastKnownFileType = sourcecode.swift; path = "UIApplication+Extension.swift"; sourceTree = "<group>"; };
		6D0391E12807810500F39903 /* Login.storyboard */ = {isa = PBXFileReference; lastKnownFileType = file.storyboard; path = Login.storyboard; sourceTree = "<group>"; };
		6D0391E4280781EF00F39903 /* MarsRoverPhotos.storyboard */ = {isa = PBXFileReference; lastKnownFileType = file.storyboard; path = MarsRoverPhotos.storyboard; sourceTree = "<group>"; };
		6D4C68D9280A2C3B00B618F2 /* MenuLogoView.swift */ = {isa = PBXFileReference; lastKnownFileType = sourcecode.swift; path = MenuLogoView.swift; sourceTree = "<group>"; };
		6D4C68DB280A3E0300B618F2 /* UIView+Extension.swift */ = {isa = PBXFileReference; lastKnownFileType = sourcecode.swift; path = "UIView+Extension.swift"; sourceTree = "<group>"; };
		6D4C68DF280A40CB00B618F2 /* CreatedBy.swift */ = {isa = PBXFileReference; lastKnownFileType = sourcecode.swift; path = CreatedBy.swift; sourceTree = "<group>"; };
		6D5528052814A74700F67AF6 /* String+Extension.swift */ = {isa = PBXFileReference; lastKnownFileType = sourcecode.swift; path = "String+Extension.swift"; sourceTree = "<group>"; };
		6D5528072814A79400F67AF6 /* LocalizationUtils.swift */ = {isa = PBXFileReference; lastKnownFileType = sourcecode.swift; path = LocalizationUtils.swift; sourceTree = "<group>"; };
		6D5528092814A7B100F67AF6 /* Localizable.swift */ = {isa = PBXFileReference; lastKnownFileType = sourcecode.swift; path = Localizable.swift; sourceTree = "<group>"; };
		6D55280C2814A82600F67AF6 /* MarsRoverPhotosEnum.swift */ = {isa = PBXFileReference; lastKnownFileType = sourcecode.swift; path = MarsRoverPhotosEnum.swift; sourceTree = "<group>"; };
		6D5528112814A89E00F67AF6 /* en */ = {isa = PBXFileReference; lastKnownFileType = text.plist.strings; name = en; path = en.lproj/MarsRoverPhotos.strings; sourceTree = "<group>"; };
		6D5528132814A92900F67AF6 /* ru */ = {isa = PBXFileReference; lastKnownFileType = text.plist.strings; name = ru; path = ru.lproj/LaunchScreen.strings; sourceTree = "<group>"; };
		6D5528142814A92900F67AF6 /* ru */ = {isa = PBXFileReference; lastKnownFileType = text.plist.strings; name = ru; path = ru.lproj/MarsRoverPhotos.strings; sourceTree = "<group>"; };
		6D5528152814AC4600F67AF6 /* String+Extensions.swift */ = {isa = PBXFileReference; lastKnownFileType = sourcecode.swift; path = "String+Extensions.swift"; sourceTree = "<group>"; };
		6D5528172814B32300F67AF6 /* MenuItemsEnum.swift */ = {isa = PBXFileReference; lastKnownFileType = sourcecode.swift; path = MenuItemsEnum.swift; sourceTree = "<group>"; };
		6D55281C2814B3AF00F67AF6 /* en */ = {isa = PBXFileReference; lastKnownFileType = text.plist.strings; name = en; path = en.lproj/MenuItems.strings; sourceTree = "<group>"; };
		6D55281E2814B3B100F67AF6 /* ru */ = {isa = PBXFileReference; lastKnownFileType = text.plist.strings; name = ru; path = ru.lproj/MenuItems.strings; sourceTree = "<group>"; };
		6D6047752808BB0100395354 /* LeftSideMenu.storyboard */ = {isa = PBXFileReference; lastKnownFileType = file.storyboard; path = LeftSideMenu.storyboard; sourceTree = "<group>"; };
		6D6047782808BC1B00395354 /* SideMenuViewController.swift */ = {isa = PBXFileReference; lastKnownFileType = sourcecode.swift; path = SideMenuViewController.swift; sourceTree = "<group>"; };
		6D60477A2808BDCB00395354 /* MenuViewController.swift */ = {isa = PBXFileReference; lastKnownFileType = sourcecode.swift; path = MenuViewController.swift; sourceTree = "<group>"; };
		6D60477D2808BF0100395354 /* BaseViewController.swift */ = {isa = PBXFileReference; lastKnownFileType = sourcecode.swift; path = BaseViewController.swift; sourceTree = "<group>"; };
		6D60477F2808C00400395354 /* Notification.swift */ = {isa = PBXFileReference; lastKnownFileType = sourcecode.swift; path = Notification.swift; sourceTree = "<group>"; };
		6D6296F42809E17C0093EB3A /* MenuViewPresentationController.swift */ = {isa = PBXFileReference; lastKnownFileType = sourcecode.swift; path = MenuViewPresentationController.swift; sourceTree = "<group>"; };
		6D6296F6280A0E360093EB3A /* Menus.swift */ = {isa = PBXFileReference; lastKnownFileType = sourcecode.swift; path = Menus.swift; sourceTree = "<group>"; };
		6D6296F9280A116D0093EB3A /* MenuTableViewCell.swift */ = {isa = PBXFileReference; lastKnownFileType = sourcecode.swift; path = MenuTableViewCell.swift; sourceTree = "<group>"; };
		6D6296FA280A116D0093EB3A /* MenuTableViewCell.xib */ = {isa = PBXFileReference; lastKnownFileType = file.xib; path = MenuTableViewCell.xib; sourceTree = "<group>"; };
		6D6296FE280A19C70093EB3A /* AppFont.swift */ = {isa = PBXFileReference; lastKnownFileType = sourcecode.swift; path = AppFont.swift; sourceTree = "<group>"; };
		6D71A2C8280CA82600442169 /* MarsRoverPhotosViewController.swift */ = {isa = PBXFileReference; lastKnownFileType = sourcecode.swift; path = MarsRoverPhotosViewController.swift; sourceTree = "<group>"; };
		6D91F86D284AADE800697A53 /* UserDefaults.swift */ = {isa = PBXFileReference; lastKnownFileType = sourcecode.swift; path = UserDefaults.swift; sourceTree = "<group>"; };
		6D91F871284AB16C00697A53 /* UserPromptPresentationController.swift */ = {isa = PBXFileReference; lastKnownFileType = sourcecode.swift; path = UserPromptPresentationController.swift; sourceTree = "<group>"; };
		6D91F873284AB1C100697A53 /* UserPromptParentViewController.swift */ = {isa = PBXFileReference; lastKnownFileType = sourcecode.swift; path = UserPromptParentViewController.swift; sourceTree = "<group>"; };
		6D91F874284AB1C100697A53 /* UserPromptParentViewController.xib */ = {isa = PBXFileReference; lastKnownFileType = file.xib; path = UserPromptParentViewController.xib; sourceTree = "<group>"; };
		6D91F877284ABA2A00697A53 /* UIViewController+Extensions.swift */ = {isa = PBXFileReference; lastKnownFileType = sourcecode.swift; path = "UIViewController+Extensions.swift"; sourceTree = "<group>"; };
		6DB7FCC92808D83400A7A220 /* CommonPresentationController.swift */ = {isa = PBXFileReference; fileEncoding = 4; lastKnownFileType = sourcecode.swift; path = CommonPresentationController.swift; sourceTree = "<group>"; };
		6DB7FCCB2808D83400A7A220 /* SlideInTransition.swift */ = {isa = PBXFileReference; fileEncoding = 4; lastKnownFileType = sourcecode.swift; path = SlideInTransition.swift; sourceTree = "<group>"; };
		6DB7FCCC2808D83400A7A220 /* TransitionProperties.swift */ = {isa = PBXFileReference; fileEncoding = 4; lastKnownFileType = sourcecode.swift; path = TransitionProperties.swift; sourceTree = "<group>"; };
		6DB7FCCD2808D83400A7A220 /* CommonBasedOnPresentationViewController.swift */ = {isa = PBXFileReference; fileEncoding = 4; lastKnownFileType = sourcecode.swift; path = CommonBasedOnPresentationViewController.swift; sourceTree = "<group>"; };
		8AA4C7F72789C53800C55576 /* NasaApp.app */ = {isa = PBXFileReference; explicitFileType = wrapper.application; includeInIndex = 0; path = NasaApp.app; sourceTree = BUILT_PRODUCTS_DIR; };
		8AA4C7FA2789C53800C55576 /* AppDelegate.swift */ = {isa = PBXFileReference; lastKnownFileType = sourcecode.swift; path = AppDelegate.swift; sourceTree = "<group>"; };
		8AA4C8032789C53900C55576 /* Assets.xcassets */ = {isa = PBXFileReference; lastKnownFileType = folder.assetcatalog; path = Assets.xcassets; sourceTree = "<group>"; };
		8AA4C8062789C53900C55576 /* Base */ = {isa = PBXFileReference; lastKnownFileType = file.storyboard; name = Base; path = Base.lproj/LaunchScreen.storyboard; sourceTree = "<group>"; };
		8AA4C8082789C53900C55576 /* Info.plist */ = {isa = PBXFileReference; lastKnownFileType = text.plist.xml; path = Info.plist; sourceTree = "<group>"; };
		8AA4C8102789CBD900C55576 /* NasaTableViewCell.swift */ = {isa = PBXFileReference; lastKnownFileType = sourcecode.swift; path = NasaTableViewCell.swift; sourceTree = "<group>"; };
		8AA4C8112789CBD900C55576 /* NasaTableViewCell.xib */ = {isa = PBXFileReference; lastKnownFileType = file.xib; path = NasaTableViewCell.xib; sourceTree = "<group>"; };
		8D7386B69BF4684479A76718 /* Pods_NasaApp.framework */ = {isa = PBXFileReference; explicitFileType = wrapper.framework; includeInIndex = 0; path = Pods_NasaApp.framework; sourceTree = BUILT_PRODUCTS_DIR; };
		CDB51D5467650B707AE1A680 /* Pods-NasaApp.debug.xcconfig */ = {isa = PBXFileReference; includeInIndex = 1; lastKnownFileType = text.xcconfig; name = "Pods-NasaApp.debug.xcconfig"; path = "Target Support Files/Pods-NasaApp/Pods-NasaApp.debug.xcconfig"; sourceTree = "<group>"; };
/* End PBXFileReference section */

/* Begin PBXFrameworksBuildPhase section */
		8AA4C7F42789C53800C55576 /* Frameworks */ = {
			isa = PBXFrameworksBuildPhase;
			buildActionMask = 2147483647;
			files = (
				E792421641D19C6A89B4A6B3 /* Pods_NasaApp.framework in Frameworks */,
			);
			runOnlyForDeploymentPostprocessing = 0;
		};
/* End PBXFrameworksBuildPhase section */

/* Begin PBXGroup section */
		6D0391C4280774F100F39903 /* Network */ = {
			isa = PBXGroup;
			children = (
				6D0391CF2807770800F39903 /* URLSessionNetwork */,
				6D0391C62807750C00F39903 /* Moya+PromiseKit */,
				6D0391C5280774FF00F39903 /* Model */,
			);
			path = Network;
			sourceTree = "<group>";
		};
		6D0391C5280774FF00F39903 /* Model */ = {
			isa = PBXGroup;
			children = (
				6D0391CD2807764D00F39903 /* RoversModel.swift */,
			);
			path = Model;
			sourceTree = "<group>";
		};
		6D0391C62807750C00F39903 /* Moya+PromiseKit */ = {
			isa = PBXGroup;
			children = (
				6D0391C72807756000F39903 /* MoyaTarget.swift */,
				6D0391C92807756C00F39903 /* MoyaAdapter.swift */,
			);
			path = "Moya+PromiseKit";
			sourceTree = "<group>";
		};
		6D0391CF2807770800F39903 /* URLSessionNetwork */ = {
			isa = PBXGroup;
			children = (
			);
			path = URLSessionNetwork;
			sourceTree = "<group>";
		};
		6D0391D428077BE600F39903 /* AppRouting */ = {
			isa = PBXGroup;
			children = (
				6D0391D528077C0400F39903 /* AppCoordinator.swift */,
				6D0391D728077DC400F39903 /* AppViewController.swift */,
				6D0391DB28077E7700F39903 /* StoryboardInitializable.swift */,
			);
			path = AppRouting;
			sourceTree = "<group>";
		};
		6D0391DD28077F2C00F39903 /* Extensions */ = {
			isa = PBXGroup;
			children = (
				6D0391DE28077F3B00F39903 /* UIApplication+Extension.swift */,
				6D60477F2808C00400395354 /* Notification.swift */,
				6D4C68DB280A3E0300B618F2 /* UIView+Extension.swift */,
				6D5528152814AC4600F67AF6 /* String+Extensions.swift */,
				6D91F86D284AADE800697A53 /* UserDefaults.swift */,
				6D91F877284ABA2A00697A53 /* UIViewController+Extensions.swift */,
			);
			path = Extensions;
			sourceTree = "<group>";
		};
		6D0391E0280780F600F39903 /* Login */ = {
			isa = PBXGroup;
			children = (
				6D0391E12807810500F39903 /* Login.storyboard */,
				6D0391D928077E3B00F39903 /* LoginViewController.swift */,
			);
			path = Login;
			sourceTree = "<group>";
		};
		6D0391E3280781AD00F39903 /* MainRoversWindow */ = {
			isa = PBXGroup;
			children = (
				6D71A2C8280CA82600442169 /* MarsRoverPhotosViewController.swift */,
				6D0391E4280781EF00F39903 /* MarsRoverPhotos.storyboard */,
				8AA4C80F2789CBB500C55576 /* NasaTableViewCell */,
			);
			path = MainRoversWindow;
			sourceTree = "<group>";
		};
		6D4C68DD280A40A500B618F2 /* CreatedBy */ = {
			isa = PBXGroup;
			children = (
				6D4C68DF280A40CB00B618F2 /* CreatedBy.swift */,
			);
			path = CreatedBy;
			sourceTree = "<group>";
		};
		6D5528042814A71B00F67AF6 /* Helpers */ = {
			isa = PBXGroup;
			children = (
				6DB7FCC82808D83400A7A220 /* CommonPresentationController */,
				6D60477D2808BF0100395354 /* BaseViewController.swift */,
			);
			path = Helpers;
			sourceTree = "<group>";
		};
		6D55280B2814A7CB00F67AF6 /* Common */ = {
			isa = PBXGroup;
			children = (
				6D5528052814A74700F67AF6 /* String+Extension.swift */,
				6D5528072814A79400F67AF6 /* LocalizationUtils.swift */,
				6D5528092814A7B100F67AF6 /* Localizable.swift */,
			);
			path = Common;
			sourceTree = "<group>";
		};
		6D55281F2814B5D100F67AF6 /* MarsRoverPhotos */ = {
			isa = PBXGroup;
			children = (
				6D55280C2814A82600F67AF6 /* MarsRoverPhotosEnum.swift */,
				6D5528122814A89E00F67AF6 /* MarsRoverPhotos.strings */,
			);
			path = MarsRoverPhotos;
			sourceTree = "<group>";
		};
		6D5528202814B5DF00F67AF6 /* MenuItems */ = {
			isa = PBXGroup;
			children = (
				6D5528172814B32300F67AF6 /* MenuItemsEnum.swift */,
				6D55281D2814B3AF00F67AF6 /* MenuItems.strings */,
			);
			path = MenuItems;
			sourceTree = "<group>";
		};
		6D6047742808BAC800395354 /* SideMenu */ = {
			isa = PBXGroup;
			children = (
				6D6296F8280A114B0093EB3A /* Views */,
				6D6047772808BBF700395354 /* Controllers */,
			);
			path = SideMenu;
			sourceTree = "<group>";
		};
		6D6047772808BBF700395354 /* Controllers */ = {
			isa = PBXGroup;
			children = (
				6D6047782808BC1B00395354 /* SideMenuViewController.swift */,
				6D60477A2808BDCB00395354 /* MenuViewController.swift */,
				6D6296F42809E17C0093EB3A /* MenuViewPresentationController.swift */,
				6D6296F6280A0E360093EB3A /* Menus.swift */,
				6D4C68D9280A2C3B00B618F2 /* MenuLogoView.swift */,
			);
			path = Controllers;
			sourceTree = "<group>";
		};
		6D60477C2808BEDC00395354 /* Localization */ = {
			isa = PBXGroup;
			children = (
				6D5528202814B5DF00F67AF6 /* MenuItems */,
				6D55281F2814B5D100F67AF6 /* MarsRoverPhotos */,
				6D55280B2814A7CB00F67AF6 /* Common */,
			);
			path = Localization;
			sourceTree = "<group>";
		};
		6D6296F8280A114B0093EB3A /* Views */ = {
			isa = PBXGroup;
			children = (
				6D6296F9280A116D0093EB3A /* MenuTableViewCell.swift */,
				6D6296FA280A116D0093EB3A /* MenuTableViewCell.xib */,
				6D6047752808BB0100395354 /* LeftSideMenu.storyboard */,
			);
			path = Views;
			sourceTree = "<group>";
		};
		6D6296FD280A19B20093EB3A /* Enums */ = {
			isa = PBXGroup;
			children = (
				6D6296FE280A19C70093EB3A /* AppFont.swift */,
			);
			path = Enums;
			sourceTree = "<group>";
		};
		6D91F86F284AAF4E00697A53 /* Modules */ = {
			isa = PBXGroup;
			children = (
				6D91F870284AAFFA00697A53 /* UserPrompt */,
				6D0391E0280780F600F39903 /* Login */,
				6D0391E3280781AD00F39903 /* MainRoversWindow */,
				6D6047742808BAC800395354 /* SideMenu */,
				6D4C68DD280A40A500B618F2 /* CreatedBy */,
			);
			path = Modules;
			sourceTree = "<group>";
		};
		6D91F870284AAFFA00697A53 /* UserPrompt */ = {
			isa = PBXGroup;
			children = (
				6D91F871284AB16C00697A53 /* UserPromptPresentationController.swift */,
				6D91F873284AB1C100697A53 /* UserPromptParentViewController.swift */,
				6D91F874284AB1C100697A53 /* UserPromptParentViewController.xib */,
			);
			path = UserPrompt;
			sourceTree = "<group>";
		};
		6DB7FCC82808D83400A7A220 /* CommonPresentationController */ = {
			isa = PBXGroup;
			children = (
				6DB7FCCA2808D83400A7A220 /* Transitions */,
				6DB7FCCD2808D83400A7A220 /* CommonBasedOnPresentationViewController.swift */,
			);
			path = CommonPresentationController;
			sourceTree = "<group>";
		};
		6DB7FCCA2808D83400A7A220 /* Transitions */ = {
			isa = PBXGroup;
			children = (
				6DB7FCC92808D83400A7A220 /* CommonPresentationController.swift */,
				6DB7FCCB2808D83400A7A220 /* SlideInTransition.swift */,
				6DB7FCCC2808D83400A7A220 /* TransitionProperties.swift */,
			);
			path = Transitions;
			sourceTree = "<group>";
		};
		8AA4C7EE2789C53800C55576 = {
			isa = PBXGroup;
			children = (
				8AA4C7F92789C53800C55576 /* NasaApp */,
				8AA4C7F82789C53800C55576 /* Products */,
				C6CE517ADFD91694FED877B6 /* Pods */,
				A8DBBEAFC1AC93D627DA6EB8 /* Frameworks */,
			);
			sourceTree = "<group>";
		};
		8AA4C7F82789C53800C55576 /* Products */ = {
			isa = PBXGroup;
			children = (
				8AA4C7F72789C53800C55576 /* NasaApp.app */,
			);
			name = Products;
			sourceTree = "<group>";
		};
		8AA4C7F92789C53800C55576 /* NasaApp */ = {
			isa = PBXGroup;
			children = (
				6D91F86F284AAF4E00697A53 /* Modules */,
				6D5528042814A71B00F67AF6 /* Helpers */,
				6D6296FD280A19B20093EB3A /* Enums */,
				6D60477C2808BEDC00395354 /* Localization */,
				6D0391DD28077F2C00F39903 /* Extensions */,
				6D0391D428077BE600F39903 /* AppRouting */,
				6D0391C4280774F100F39903 /* Network */,
				8AA4C80E2789C97500C55576 /* Storyboards */,
				8AA4C7FA2789C53800C55576 /* AppDelegate.swift */,
				8AA4C8032789C53900C55576 /* Assets.xcassets */,
				8AA4C8052789C53900C55576 /* LaunchScreen.storyboard */,
				8AA4C8082789C53900C55576 /* Info.plist */,
			);
			path = NasaApp;
			sourceTree = "<group>";
		};
		8AA4C80E2789C97500C55576 /* Storyboards */ = {
			isa = PBXGroup;
			children = (
			);
			path = Storyboards;
			sourceTree = "<group>";
		};
		8AA4C80F2789CBB500C55576 /* NasaTableViewCell */ = {
			isa = PBXGroup;
			children = (
				8AA4C8102789CBD900C55576 /* NasaTableViewCell.swift */,
				8AA4C8112789CBD900C55576 /* NasaTableViewCell.xib */,
			);
			path = NasaTableViewCell;
			sourceTree = "<group>";
		};
		A8DBBEAFC1AC93D627DA6EB8 /* Frameworks */ = {
			isa = PBXGroup;
			children = (
				8D7386B69BF4684479A76718 /* Pods_NasaApp.framework */,
			);
			name = Frameworks;
			sourceTree = "<group>";
		};
		C6CE517ADFD91694FED877B6 /* Pods */ = {
			isa = PBXGroup;
			children = (
				CDB51D5467650B707AE1A680 /* Pods-NasaApp.debug.xcconfig */,
				095703C7F6C113FCFEB3A75A /* Pods-NasaApp.release.xcconfig */,
			);
			path = Pods;
			sourceTree = "<group>";
		};
/* End PBXGroup section */

/* Begin PBXNativeTarget section */
		8AA4C7F62789C53800C55576 /* NasaApp */ = {
			isa = PBXNativeTarget;
			buildConfigurationList = 8AA4C80B2789C53900C55576 /* Build configuration list for PBXNativeTarget "NasaApp" */;
			buildPhases = (
				22ED18DFDF7BFD7C7860915A /* [CP] Check Pods Manifest.lock */,
				8AA4C7F32789C53800C55576 /* Sources */,
				8AA4C7F42789C53800C55576 /* Frameworks */,
				8AA4C7F52789C53800C55576 /* Resources */,
				7D679754DC735369A6D31490 /* [CP] Embed Pods Frameworks */,
			);
			buildRules = (
			);
			dependencies = (
			);
			name = NasaApp;
			productName = NasaApp;
			productReference = 8AA4C7F72789C53800C55576 /* NasaApp.app */;
			productType = "com.apple.product-type.application";
		};
/* End PBXNativeTarget section */

/* Begin PBXProject section */
		8AA4C7EF2789C53800C55576 /* Project object */ = {
			isa = PBXProject;
			attributes = {
				BuildIndependentTargetsInParallel = 1;
				LastSwiftUpdateCheck = 1320;
				LastUpgradeCheck = 1320;
				TargetAttributes = {
					8AA4C7F62789C53800C55576 = {
						CreatedOnToolsVersion = 13.2.1;
					};
				};
			};
			buildConfigurationList = 8AA4C7F22789C53800C55576 /* Build configuration list for PBXProject "NasaApp" */;
			compatibilityVersion = "Xcode 13.0";
			developmentRegion = en;
			hasScannedForEncodings = 0;
			knownRegions = (
				en,
				Base,
				ru,
			);
			mainGroup = 8AA4C7EE2789C53800C55576;
			productRefGroup = 8AA4C7F82789C53800C55576 /* Products */;
			projectDirPath = "";
			projectRoot = "";
			targets = (
				8AA4C7F62789C53800C55576 /* NasaApp */,
			);
		};
/* End PBXProject section */

/* Begin PBXResourcesBuildPhase section */
		8AA4C7F52789C53800C55576 /* Resources */ = {
			isa = PBXResourcesBuildPhase;
			buildActionMask = 2147483647;
			files = (
				6D0391E5280781EF00F39903 /* MarsRoverPhotos.storyboard in Resources */,
				8AA4C8132789CBD900C55576 /* NasaTableViewCell.xib in Resources */,
				8AA4C8072789C53900C55576 /* LaunchScreen.storyboard in Resources */,
				6D91F876284AB1C100697A53 /* UserPromptParentViewController.xib in Resources */,
				8AA4C8042789C53900C55576 /* Assets.xcassets in Resources */,
				6D0391E22807810500F39903 /* Login.storyboard in Resources */,
				6D5528102814A89E00F67AF6 /* MarsRoverPhotos.strings in Resources */,
				6D55281B2814B3AF00F67AF6 /* MenuItems.strings in Resources */,
				6D6296FC280A116D0093EB3A /* MenuTableViewCell.xib in Resources */,
				6D6047762808BB0100395354 /* LeftSideMenu.storyboard in Resources */,
			);
			runOnlyForDeploymentPostprocessing = 0;
		};
/* End PBXResourcesBuildPhase section */

/* Begin PBXShellScriptBuildPhase section */
		22ED18DFDF7BFD7C7860915A /* [CP] Check Pods Manifest.lock */ = {
			isa = PBXShellScriptBuildPhase;
			buildActionMask = 2147483647;
			files = (
			);
			inputFileListPaths = (
			);
			inputPaths = (
				"${PODS_PODFILE_DIR_PATH}/Podfile.lock",
				"${PODS_ROOT}/Manifest.lock",
			);
			name = "[CP] Check Pods Manifest.lock";
			outputFileListPaths = (
			);
			outputPaths = (
				"$(DERIVED_FILE_DIR)/Pods-NasaApp-checkManifestLockResult.txt",
			);
			runOnlyForDeploymentPostprocessing = 0;
			shellPath = /bin/sh;
			shellScript = "diff \"${PODS_PODFILE_DIR_PATH}/Podfile.lock\" \"${PODS_ROOT}/Manifest.lock\" > /dev/null\nif [ $? != 0 ] ; then\n    # print error to STDERR\n    echo \"error: The sandbox is not in sync with the Podfile.lock. Run 'pod install' or update your CocoaPods installation.\" >&2\n    exit 1\nfi\n# This output is used by Xcode 'outputs' to avoid re-running this script phase.\necho \"SUCCESS\" > \"${SCRIPT_OUTPUT_FILE_0}\"\n";
			showEnvVarsInLog = 0;
		};
		7D679754DC735369A6D31490 /* [CP] Embed Pods Frameworks */ = {
			isa = PBXShellScriptBuildPhase;
			buildActionMask = 2147483647;
			files = (
			);
			inputFileListPaths = (
				"${PODS_ROOT}/Target Support Files/Pods-NasaApp/Pods-NasaApp-frameworks-${CONFIGURATION}-input-files.xcfilelist",
			);
			name = "[CP] Embed Pods Frameworks";
			outputFileListPaths = (
				"${PODS_ROOT}/Target Support Files/Pods-NasaApp/Pods-NasaApp-frameworks-${CONFIGURATION}-output-files.xcfilelist",
			);
			runOnlyForDeploymentPostprocessing = 0;
			shellPath = /bin/sh;
			shellScript = "\"${PODS_ROOT}/Target Support Files/Pods-NasaApp/Pods-NasaApp-frameworks.sh\"\n";
			showEnvVarsInLog = 0;
		};
/* End PBXShellScriptBuildPhase section */

/* Begin PBXSourcesBuildPhase section */
		8AA4C7F32789C53800C55576 /* Sources */ = {
			isa = PBXSourcesBuildPhase;
			buildActionMask = 2147483647;
			files = (
				6D5528082814A79400F67AF6 /* LocalizationUtils.swift in Sources */,
				6D6296F52809E17C0093EB3A /* MenuViewPresentationController.swift in Sources */,
				6D0391D828077DC400F39903 /* AppViewController.swift in Sources */,
				6D6296FF280A19C70093EB3A /* AppFont.swift in Sources */,
				6D91F878284ABA2A00697A53 /* UIViewController+Extensions.swift in Sources */,
				8AA4C8122789CBD900C55576 /* NasaTableViewCell.swift in Sources */,
				6DB7FCCF2808D83400A7A220 /* SlideInTransition.swift in Sources */,
				6D4C68DA280A2C3B00B618F2 /* MenuLogoView.swift in Sources */,
				8AA4C7FB2789C53800C55576 /* AppDelegate.swift in Sources */,
				6D55280A2814A7B100F67AF6 /* Localizable.swift in Sources */,
				6D6047792808BC1B00395354 /* SideMenuViewController.swift in Sources */,
				6D60477E2808BF0100395354 /* BaseViewController.swift in Sources */,
				6D71A2C9280CA82600442169 /* MarsRoverPhotosViewController.swift in Sources */,
				6D0391DC28077E7700F39903 /* StoryboardInitializable.swift in Sources */,
				6D0391CA2807756C00F39903 /* MoyaAdapter.swift in Sources */,
				6D91F86E284AADE800697A53 /* UserDefaults.swift in Sources */,
				6D6296FB280A116D0093EB3A /* MenuTableViewCell.swift in Sources */,
				6D60477B2808BDCB00395354 /* MenuViewController.swift in Sources */,
				6D0391C82807756000F39903 /* MoyaTarget.swift in Sources */,
				6D0391CE2807764D00F39903 /* RoversModel.swift in Sources */,
				6DB7FCD12808D83400A7A220 /* CommonBasedOnPresentationViewController.swift in Sources */,
				6D6047802808C00400395354 /* Notification.swift in Sources */,
				6D91F875284AB1C100697A53 /* UserPromptParentViewController.swift in Sources */,
				6DB7FCD02808D83400A7A220 /* TransitionProperties.swift in Sources */,
				6D55280D2814A82600F67AF6 /* MarsRoverPhotosEnum.swift in Sources */,
				6D5528062814A74700F67AF6 /* String+Extension.swift in Sources */,
				6D91F872284AB16C00697A53 /* UserPromptPresentationController.swift in Sources */,
				6D0391D628077C0400F39903 /* AppCoordinator.swift in Sources */,
				6D6296F7280A0E360093EB3A /* Menus.swift in Sources */,
				6D0391DF28077F3B00F39903 /* UIApplication+Extension.swift in Sources */,
				6D5528182814B32300F67AF6 /* MenuItemsEnum.swift in Sources */,
				6DB7FCCE2808D83400A7A220 /* CommonPresentationController.swift in Sources */,
				6D4C68E0280A40CB00B618F2 /* CreatedBy.swift in Sources */,
				6D5528162814AC4600F67AF6 /* String+Extensions.swift in Sources */,
				6D4C68DC280A3E0300B618F2 /* UIView+Extension.swift in Sources */,
				6D0391DA28077E3B00F39903 /* LoginViewController.swift in Sources */,
			);
			runOnlyForDeploymentPostprocessing = 0;
		};
/* End PBXSourcesBuildPhase section */

/* Begin PBXVariantGroup section */
		6D5528122814A89E00F67AF6 /* MarsRoverPhotos.strings */ = {
			isa = PBXVariantGroup;
			children = (
				6D5528112814A89E00F67AF6 /* en */,
				6D5528142814A92900F67AF6 /* ru */,
			);
			name = MarsRoverPhotos.strings;
			sourceTree = "<group>";
		};
		6D55281D2814B3AF00F67AF6 /* MenuItems.strings */ = {
			isa = PBXVariantGroup;
			children = (
				6D55281C2814B3AF00F67AF6 /* en */,
				6D55281E2814B3B100F67AF6 /* ru */,
			);
			name = MenuItems.strings;
			sourceTree = "<group>";
		};
		8AA4C8052789C53900C55576 /* LaunchScreen.storyboard */ = {
			isa = PBXVariantGroup;
			children = (
				8AA4C8062789C53900C55576 /* Base */,
				6D5528132814A92900F67AF6 /* ru */,
			);
			name = LaunchScreen.storyboard;
			sourceTree = "<group>";
		};
/* End PBXVariantGroup section */

/* Begin XCBuildConfiguration section */
		8AA4C8092789C53900C55576 /* Debug */ = {
			isa = XCBuildConfiguration;
			buildSettings = {
				ALWAYS_SEARCH_USER_PATHS = NO;
				CLANG_ANALYZER_LOCALIZABILITY_NONLOCALIZED = YES;
				CLANG_ANALYZER_NONNULL = YES;
				CLANG_ANALYZER_NUMBER_OBJECT_CONVERSION = YES_AGGRESSIVE;
				CLANG_CXX_LANGUAGE_STANDARD = "gnu++17";
				CLANG_CXX_LIBRARY = "libc++";
				CLANG_ENABLE_MODULES = YES;
				CLANG_ENABLE_OBJC_ARC = YES;
				CLANG_ENABLE_OBJC_WEAK = YES;
				CLANG_WARN_BLOCK_CAPTURE_AUTORELEASING = YES;
				CLANG_WARN_BOOL_CONVERSION = YES;
				CLANG_WARN_COMMA = YES;
				CLANG_WARN_CONSTANT_CONVERSION = YES;
				CLANG_WARN_DEPRECATED_OBJC_IMPLEMENTATIONS = YES;
				CLANG_WARN_DIRECT_OBJC_ISA_USAGE = YES_ERROR;
				CLANG_WARN_DOCUMENTATION_COMMENTS = YES;
				CLANG_WARN_EMPTY_BODY = YES;
				CLANG_WARN_ENUM_CONVERSION = YES;
				CLANG_WARN_INFINITE_RECURSION = YES;
				CLANG_WARN_INT_CONVERSION = YES;
				CLANG_WARN_NON_LITERAL_NULL_CONVERSION = YES;
				CLANG_WARN_OBJC_IMPLICIT_RETAIN_SELF = YES;
				CLANG_WARN_OBJC_LITERAL_CONVERSION = YES;
				CLANG_WARN_OBJC_ROOT_CLASS = YES_ERROR;
				CLANG_WARN_QUOTED_INCLUDE_IN_FRAMEWORK_HEADER = YES;
				CLANG_WARN_RANGE_LOOP_ANALYSIS = YES;
				CLANG_WARN_STRICT_PROTOTYPES = YES;
				CLANG_WARN_SUSPICIOUS_MOVE = YES;
				CLANG_WARN_UNGUARDED_AVAILABILITY = YES_AGGRESSIVE;
				CLANG_WARN_UNREACHABLE_CODE = YES;
				CLANG_WARN__DUPLICATE_METHOD_MATCH = YES;
				COPY_PHASE_STRIP = NO;
				DEBUG_INFORMATION_FORMAT = dwarf;
				ENABLE_STRICT_OBJC_MSGSEND = YES;
				ENABLE_TESTABILITY = YES;
				GCC_C_LANGUAGE_STANDARD = gnu11;
				GCC_DYNAMIC_NO_PIC = NO;
				GCC_NO_COMMON_BLOCKS = YES;
				GCC_OPTIMIZATION_LEVEL = 0;
				GCC_PREPROCESSOR_DEFINITIONS = (
					"DEBUG=1",
					"$(inherited)",
				);
				GCC_WARN_64_TO_32_BIT_CONVERSION = YES;
				GCC_WARN_ABOUT_RETURN_TYPE = YES_ERROR;
				GCC_WARN_UNDECLARED_SELECTOR = YES;
				GCC_WARN_UNINITIALIZED_AUTOS = YES_AGGRESSIVE;
				GCC_WARN_UNUSED_FUNCTION = YES;
				GCC_WARN_UNUSED_VARIABLE = YES;
				IPHONEOS_DEPLOYMENT_TARGET = 15.2;
				MTL_ENABLE_DEBUG_INFO = INCLUDE_SOURCE;
				MTL_FAST_MATH = YES;
				ONLY_ACTIVE_ARCH = YES;
				SDKROOT = iphoneos;
				SWIFT_ACTIVE_COMPILATION_CONDITIONS = DEBUG;
				SWIFT_OPTIMIZATION_LEVEL = "-Onone";
			};
			name = Debug;
		};
		8AA4C80A2789C53900C55576 /* Release */ = {
			isa = XCBuildConfiguration;
			buildSettings = {
				ALWAYS_SEARCH_USER_PATHS = NO;
				CLANG_ANALYZER_LOCALIZABILITY_NONLOCALIZED = YES;
				CLANG_ANALYZER_NONNULL = YES;
				CLANG_ANALYZER_NUMBER_OBJECT_CONVERSION = YES_AGGRESSIVE;
				CLANG_CXX_LANGUAGE_STANDARD = "gnu++17";
				CLANG_CXX_LIBRARY = "libc++";
				CLANG_ENABLE_MODULES = YES;
				CLANG_ENABLE_OBJC_ARC = YES;
				CLANG_ENABLE_OBJC_WEAK = YES;
				CLANG_WARN_BLOCK_CAPTURE_AUTORELEASING = YES;
				CLANG_WARN_BOOL_CONVERSION = YES;
				CLANG_WARN_COMMA = YES;
				CLANG_WARN_CONSTANT_CONVERSION = YES;
				CLANG_WARN_DEPRECATED_OBJC_IMPLEMENTATIONS = YES;
				CLANG_WARN_DIRECT_OBJC_ISA_USAGE = YES_ERROR;
				CLANG_WARN_DOCUMENTATION_COMMENTS = YES;
				CLANG_WARN_EMPTY_BODY = YES;
				CLANG_WARN_ENUM_CONVERSION = YES;
				CLANG_WARN_INFINITE_RECURSION = YES;
				CLANG_WARN_INT_CONVERSION = YES;
				CLANG_WARN_NON_LITERAL_NULL_CONVERSION = YES;
				CLANG_WARN_OBJC_IMPLICIT_RETAIN_SELF = YES;
				CLANG_WARN_OBJC_LITERAL_CONVERSION = YES;
				CLANG_WARN_OBJC_ROOT_CLASS = YES_ERROR;
				CLANG_WARN_QUOTED_INCLUDE_IN_FRAMEWORK_HEADER = YES;
				CLANG_WARN_RANGE_LOOP_ANALYSIS = YES;
				CLANG_WARN_STRICT_PROTOTYPES = YES;
				CLANG_WARN_SUSPICIOUS_MOVE = YES;
				CLANG_WARN_UNGUARDED_AVAILABILITY = YES_AGGRESSIVE;
				CLANG_WARN_UNREACHABLE_CODE = YES;
				CLANG_WARN__DUPLICATE_METHOD_MATCH = YES;
				COPY_PHASE_STRIP = NO;
				DEBUG_INFORMATION_FORMAT = "dwarf-with-dsym";
				ENABLE_NS_ASSERTIONS = NO;
				ENABLE_STRICT_OBJC_MSGSEND = YES;
				GCC_C_LANGUAGE_STANDARD = gnu11;
				GCC_NO_COMMON_BLOCKS = YES;
				GCC_WARN_64_TO_32_BIT_CONVERSION = YES;
				GCC_WARN_ABOUT_RETURN_TYPE = YES_ERROR;
				GCC_WARN_UNDECLARED_SELECTOR = YES;
				GCC_WARN_UNINITIALIZED_AUTOS = YES_AGGRESSIVE;
				GCC_WARN_UNUSED_FUNCTION = YES;
				GCC_WARN_UNUSED_VARIABLE = YES;
				IPHONEOS_DEPLOYMENT_TARGET = 15.2;
				MTL_ENABLE_DEBUG_INFO = NO;
				MTL_FAST_MATH = YES;
				SDKROOT = iphoneos;
				SWIFT_COMPILATION_MODE = wholemodule;
				SWIFT_OPTIMIZATION_LEVEL = "-O";
				VALIDATE_PRODUCT = YES;
			};
			name = Release;
		};
		8AA4C80C2789C53900C55576 /* Debug */ = {
			isa = XCBuildConfiguration;
			baseConfigurationReference = CDB51D5467650B707AE1A680 /* Pods-NasaApp.debug.xcconfig */;
			buildSettings = {
				ASSETCATALOG_COMPILER_APPICON_NAME = AppIcon;
				ASSETCATALOG_COMPILER_GLOBAL_ACCENT_COLOR_NAME = AccentColor;
				CODE_SIGN_STYLE = Automatic;
				CURRENT_PROJECT_VERSION = 1;
				DEVELOPMENT_TEAM = P38WB3866W;
				GENERATE_INFOPLIST_FILE = YES;
				INFOPLIST_FILE = NasaApp/Info.plist;
				INFOPLIST_KEY_UIApplicationSupportsIndirectInputEvents = YES;
				INFOPLIST_KEY_UILaunchStoryboardName = LaunchScreen;
				INFOPLIST_KEY_UIMainStoryboardFile = Login;
				INFOPLIST_KEY_UISupportedInterfaceOrientations_iPad = "UIInterfaceOrientationPortrait UIInterfaceOrientationPortraitUpsideDown UIInterfaceOrientationLandscapeLeft UIInterfaceOrientationLandscapeRight";
				INFOPLIST_KEY_UISupportedInterfaceOrientations_iPhone = "UIInterfaceOrientationPortrait UIInterfaceOrientationLandscapeLeft UIInterfaceOrientationLandscapeRight";
				IPHONEOS_DEPLOYMENT_TARGET = 14.5;
				LD_RUNPATH_SEARCH_PATHS = (
					"$(inherited)",
					"@executable_path/Frameworks",
				);
				MARKETING_VERSION = 1.0;
				PRODUCT_BUNDLE_IDENTIFIER = enchtein.NasaApp;
				PRODUCT_NAME = "$(TARGET_NAME)";
				SWIFT_EMIT_LOC_STRINGS = YES;
				SWIFT_VERSION = 5.0;
				TARGETED_DEVICE_FAMILY = "1,2";
			};
			name = Debug;
		};
		8AA4C80D2789C53900C55576 /* Release */ = {
			isa = XCBuildConfiguration;
			baseConfigurationReference = 095703C7F6C113FCFEB3A75A /* Pods-NasaApp.release.xcconfig */;
			buildSettings = {
				ASSETCATALOG_COMPILER_APPICON_NAME = AppIcon;
				ASSETCATALOG_COMPILER_GLOBAL_ACCENT_COLOR_NAME = AccentColor;
				CODE_SIGN_STYLE = Automatic;
				CURRENT_PROJECT_VERSION = 1;
				DEVELOPMENT_TEAM = P38WB3866W;
				GENERATE_INFOPLIST_FILE = YES;
				INFOPLIST_FILE = NasaApp/Info.plist;
				INFOPLIST_KEY_UIApplicationSupportsIndirectInputEvents = YES;
				INFOPLIST_KEY_UILaunchStoryboardName = LaunchScreen;
				INFOPLIST_KEY_UIMainStoryboardFile = Login;
				INFOPLIST_KEY_UISupportedInterfaceOrientations_iPad = "UIInterfaceOrientationPortrait UIInterfaceOrientationPortraitUpsideDown UIInterfaceOrientationLandscapeLeft UIInterfaceOrientationLandscapeRight";
				INFOPLIST_KEY_UISupportedInterfaceOrientations_iPhone = "UIInterfaceOrientationPortrait UIInterfaceOrientationLandscapeLeft UIInterfaceOrientationLandscapeRight";
				IPHONEOS_DEPLOYMENT_TARGET = 14.5;
				LD_RUNPATH_SEARCH_PATHS = (
					"$(inherited)",
					"@executable_path/Frameworks",
				);
				MARKETING_VERSION = 1.0;
				PRODUCT_BUNDLE_IDENTIFIER = enchtein.NasaApp;
				PRODUCT_NAME = "$(TARGET_NAME)";
				SWIFT_EMIT_LOC_STRINGS = YES;
				SWIFT_VERSION = 5.0;
				TARGETED_DEVICE_FAMILY = "1,2";
			};
			name = Release;
		};
/* End XCBuildConfiguration section */

/* Begin XCConfigurationList section */
		8AA4C7F22789C53800C55576 /* Build configuration list for PBXProject "NasaApp" */ = {
			isa = XCConfigurationList;
			buildConfigurations = (
				8AA4C8092789C53900C55576 /* Debug */,
				8AA4C80A2789C53900C55576 /* Release */,
			);
			defaultConfigurationIsVisible = 0;
			defaultConfigurationName = Release;
		};
		8AA4C80B2789C53900C55576 /* Build configuration list for PBXNativeTarget "NasaApp" */ = {
			isa = XCConfigurationList;
			buildConfigurations = (
				8AA4C80C2789C53900C55576 /* Debug */,
				8AA4C80D2789C53900C55576 /* Release */,
			);
			defaultConfigurationIsVisible = 0;
			defaultConfigurationName = Release;
		};
/* End XCConfigurationList section */
	};
	rootObject = 8AA4C7EF2789C53800C55576 /* Project object */;
}
